// !$*UTF8*$!
{
	archiveVersion = 1;
	classes = {
	};
	objectVersion = 55;
	objects = {

/* Begin PBXBuildFile section */
		60746D1728AAF3B8003A5BFB /* AppDelegate.swift in Sources */ = {isa = PBXBuildFile; fileRef = 60746D1628AAF3B8003A5BFB /* AppDelegate.swift */; };
		60746D1928AAF3B8003A5BFB /* SceneDelegate.swift in Sources */ = {isa = PBXBuildFile; fileRef = 60746D1828AAF3B8003A5BFB /* SceneDelegate.swift */; };
		60746D1B28AAF3B8003A5BFB /* ViewController.swift in Sources */ = {isa = PBXBuildFile; fileRef = 60746D1A28AAF3B8003A5BFB /* ViewController.swift */; };
		60746D1E28AAF3B8003A5BFB /* Main.storyboard in Resources */ = {isa = PBXBuildFile; fileRef = 60746D1C28AAF3B8003A5BFB /* Main.storyboard */; };
		60746D2028AAF3B8003A5BFB /* Assets.xcassets in Resources */ = {isa = PBXBuildFile; fileRef = 60746D1F28AAF3B8003A5BFB /* Assets.xcassets */; };
		60746D2328AAF3B8003A5BFB /* LaunchScreen.storyboard in Resources */ = {isa = PBXBuildFile; fileRef = 60746D2128AAF3B8003A5BFB /* LaunchScreen.storyboard */; };
		60746D2C28AAF632003A5BFB /* TvShowModels.swift in Sources */ = {isa = PBXBuildFile; fileRef = 60746D2B28AAF632003A5BFB /* TvShowModels.swift */; };
		60746D2E28ABB9DD003A5BFB /* SameShowModel.swift in Sources */ = {isa = PBXBuildFile; fileRef = 60746D2D28ABB9DD003A5BFB /* SameShowModel.swift */; };
		60746D3028ABBDE5003A5BFB /* DetailsModel.swift in Sources */ = {isa = PBXBuildFile; fileRef = 60746D2F28ABBDE5003A5BFB /* DetailsModel.swift */; };
		60746D3328ABBE41003A5BFB /* APIManager.swift in Sources */ = {isa = PBXBuildFile; fileRef = 60746D3228ABBE41003A5BFB /* APIManager.swift */; };
		60746D3528ABC5F5003A5BFB /* ActorCustomEvents.swift in Sources */ = {isa = PBXBuildFile; fileRef = 60746D3428ABC5F5003A5BFB /* ActorCustomEvents.swift */; };
		60746D3A28AC57DE003A5BFB /* FetchTvShows.swift in Sources */ = {isa = PBXBuildFile; fileRef = 60746D3928AC57DE003A5BFB /* FetchTvShows.swift */; };
		60746D3D28AC5893003A5BFB /* FetchSimilarsFromID.swift in Sources */ = {isa = PBXBuildFile; fileRef = 60746D3C28AC5893003A5BFB /* FetchSimilarsFromID.swift */; };
		60746D3F28AC58D0003A5BFB /* FetchDetailsFromSimilarByID.swift in Sources */ = {isa = PBXBuildFile; fileRef = 60746D3E28AC58D0003A5BFB /* FetchDetailsFromSimilarByID.swift */; };
/* End PBXBuildFile section */

/* Begin PBXFileReference section */
		60746D1328AAF3B8003A5BFB /* NatiaL_HW23.app */ = {isa = PBXFileReference; explicitFileType = wrapper.application; includeInIndex = 0; path = NatiaL_HW23.app; sourceTree = BUILT_PRODUCTS_DIR; };
		60746D1628AAF3B8003A5BFB /* AppDelegate.swift */ = {isa = PBXFileReference; lastKnownFileType = sourcecode.swift; path = AppDelegate.swift; sourceTree = "<group>"; };
		60746D1828AAF3B8003A5BFB /* SceneDelegate.swift */ = {isa = PBXFileReference; lastKnownFileType = sourcecode.swift; path = SceneDelegate.swift; sourceTree = "<group>"; };
		60746D1A28AAF3B8003A5BFB /* ViewController.swift */ = {isa = PBXFileReference; lastKnownFileType = sourcecode.swift; path = ViewController.swift; sourceTree = "<group>"; };
		60746D1D28AAF3B8003A5BFB /* Base */ = {isa = PBXFileReference; lastKnownFileType = file.storyboard; name = Base; path = Base.lproj/Main.storyboard; sourceTree = "<group>"; };
		60746D1F28AAF3B8003A5BFB /* Assets.xcassets */ = {isa = PBXFileReference; lastKnownFileType = folder.assetcatalog; path = Assets.xcassets; sourceTree = "<group>"; };
		60746D2228AAF3B8003A5BFB /* Base */ = {isa = PBXFileReference; lastKnownFileType = file.storyboard; name = Base; path = Base.lproj/LaunchScreen.storyboard; sourceTree = "<group>"; };
		60746D2428AAF3B8003A5BFB /* Info.plist */ = {isa = PBXFileReference; lastKnownFileType = text.plist.xml; path = Info.plist; sourceTree = "<group>"; };
		60746D2B28AAF632003A5BFB /* TvShowModels.swift */ = {isa = PBXFileReference; lastKnownFileType = sourcecode.swift; path = TvShowModels.swift; sourceTree = "<group>"; };
		60746D2D28ABB9DD003A5BFB /* SameShowModel.swift */ = {isa = PBXFileReference; lastKnownFileType = sourcecode.swift; path = SameShowModel.swift; sourceTree = "<group>"; };
		60746D2F28ABBDE5003A5BFB /* DetailsModel.swift */ = {isa = PBXFileReference; lastKnownFileType = sourcecode.swift; path = DetailsModel.swift; sourceTree = "<group>"; };
		60746D3228ABBE41003A5BFB /* APIManager.swift */ = {isa = PBXFileReference; lastKnownFileType = sourcecode.swift; path = APIManager.swift; sourceTree = "<group>"; };
		60746D3428ABC5F5003A5BFB /* ActorCustomEvents.swift */ = {isa = PBXFileReference; lastKnownFileType = sourcecode.swift; path = ActorCustomEvents.swift; sourceTree = "<group>"; };
		60746D3928AC57DE003A5BFB /* FetchTvShows.swift */ = {isa = PBXFileReference; lastKnownFileType = sourcecode.swift; path = FetchTvShows.swift; sourceTree = "<group>"; };
		60746D3C28AC5893003A5BFB /* FetchSimilarsFromID.swift */ = {isa = PBXFileReference; lastKnownFileType = sourcecode.swift; path = FetchSimilarsFromID.swift; sourceTree = "<group>"; };
		60746D3E28AC58D0003A5BFB /* FetchDetailsFromSimilarByID.swift */ = {isa = PBXFileReference; lastKnownFileType = sourcecode.swift; path = FetchDetailsFromSimilarByID.swift; sourceTree = "<group>"; };
/* End PBXFileReference section */

/* Begin PBXFrameworksBuildPhase section */
		60746D1028AAF3B8003A5BFB /* Frameworks */ = {
			isa = PBXFrameworksBuildPhase;
			buildActionMask = 2147483647;
			files = (
			);
			runOnlyForDeploymentPostprocessing = 0;
		};
/* End PBXFrameworksBuildPhase section */

/* Begin PBXGroup section */
		60746D0A28AAF3B7003A5BFB = {
			isa = PBXGroup;
			children = (
				60746D1528AAF3B8003A5BFB /* NatiaL_HW23 */,
				60746D1428AAF3B8003A5BFB /* Products */,
			);
			sourceTree = "<group>";
		};
		60746D1428AAF3B8003A5BFB /* Products */ = {
			isa = PBXGroup;
			children = (
				60746D1328AAF3B8003A5BFB /* NatiaL_HW23.app */,
			);
			name = Products;
			sourceTree = "<group>";
		};
		60746D1528AAF3B8003A5BFB /* NatiaL_HW23 */ = {
			isa = PBXGroup;
			children = (
				60746D3628ABC602003A5BFB /* Source File */,
				60746D3128ABBE2D003A5BFB /* APiManager */,
				60746D2A28AAF623003A5BFB /* Models */,
				60746D1A28AAF3B8003A5BFB /* ViewController.swift */,
				60746D3428ABC5F5003A5BFB /* ActorCustomEvents.swift */,
				60746D3B28AC583E003A5BFB /* ActorExtensions */,
				60746D1C28AAF3B8003A5BFB /* Main.storyboard */,
				60746D1F28AAF3B8003A5BFB /* Assets.xcassets */,
				60746D2128AAF3B8003A5BFB /* LaunchScreen.storyboard */,
				60746D2428AAF3B8003A5BFB /* Info.plist */,
			);
			path = NatiaL_HW23;
			sourceTree = "<group>";
		};
		60746D2A28AAF623003A5BFB /* Models */ = {
			isa = PBXGroup;
			children = (
				60746D2B28AAF632003A5BFB /* TvShowModels.swift */,
				60746D2D28ABB9DD003A5BFB /* SameShowModel.swift */,
				60746D2F28ABBDE5003A5BFB /* DetailsModel.swift */,
			);
			path = Models;
			sourceTree = "<group>";
		};
		60746D3128ABBE2D003A5BFB /* APiManager */ = {
			isa = PBXGroup;
			children = (
				60746D3228ABBE41003A5BFB /* APIManager.swift */,
			);
			path = APiManager;
			sourceTree = "<group>";
		};
		60746D3628ABC602003A5BFB /* Source File */ = {
			isa = PBXGroup;
			children = (
				60746D1628AAF3B8003A5BFB /* AppDelegate.swift */,
				60746D1828AAF3B8003A5BFB /* SceneDelegate.swift */,
			);
			path = "Source File";
			sourceTree = "<group>";
		};
		60746D3B28AC583E003A5BFB /* ActorExtensions */ = {
			isa = PBXGroup;
			children = (
				60746D3928AC57DE003A5BFB /* FetchTvShows.swift */,
				60746D3C28AC5893003A5BFB /* FetchSimilarsFromID.swift */,
				60746D3E28AC58D0003A5BFB /* FetchDetailsFromSimilarByID.swift */,
			);
			path = ActorExtensions;
			sourceTree = "<group>";
		};
/* End PBXGroup section */

/* Begin PBXNativeTarget section */
		60746D1228AAF3B8003A5BFB /* NatiaL_HW23 */ = {
			isa = PBXNativeTarget;
			buildConfigurationList = 60746D2728AAF3B8003A5BFB /* Build configuration list for PBXNativeTarget "NatiaL_HW23" */;
			buildPhases = (
				60746D0F28AAF3B8003A5BFB /* Sources */,
				60746D1028AAF3B8003A5BFB /* Frameworks */,
				60746D1128AAF3B8003A5BFB /* Resources */,
			);
			buildRules = (
			);
			dependencies = (
			);
			name = NatiaL_HW23;
			productName = NatiaL_HW23;
			productReference = 60746D1328AAF3B8003A5BFB /* NatiaL_HW23.app */;
			productType = "com.apple.product-type.application";
		};
/* End PBXNativeTarget section */

/* Begin PBXProject section */
		60746D0B28AAF3B7003A5BFB /* Project object */ = {
			isa = PBXProject;
			attributes = {
				BuildIndependentTargetsInParallel = 1;
				LastSwiftUpdateCheck = 1320;
				LastUpgradeCheck = 1320;
				TargetAttributes = {
					60746D1228AAF3B8003A5BFB = {
						CreatedOnToolsVersion = 13.2.1;
					};
				};
			};
			buildConfigurationList = 60746D0E28AAF3B7003A5BFB /* Build configuration list for PBXProject "NatiaL_HW23" */;
			compatibilityVersion = "Xcode 13.0";
			developmentRegion = en;
			hasScannedForEncodings = 0;
			knownRegions = (
				en,
				Base,
			);
			mainGroup = 60746D0A28AAF3B7003A5BFB;
			productRefGroup = 60746D1428AAF3B8003A5BFB /* Products */;
			projectDirPath = "";
			projectRoot = "";
			targets = (
				60746D1228AAF3B8003A5BFB /* NatiaL_HW23 */,
			);
		};
/* End PBXProject section */

/* Begin PBXResourcesBuildPhase section */
		60746D1128AAF3B8003A5BFB /* Resources */ = {
			isa = PBXResourcesBuildPhase;
			buildActionMask = 2147483647;
			files = (
				60746D2328AAF3B8003A5BFB /* LaunchScreen.storyboard in Resources */,
				60746D2028AAF3B8003A5BFB /* Assets.xcassets in Resources */,
				60746D1E28AAF3B8003A5BFB /* Main.storyboard in Resources */,
			);
			runOnlyForDeploymentPostprocessing = 0;
		};
/* End PBXResourcesBuildPhase section */

/* Begin PBXSourcesBuildPhase section */
		60746D0F28AAF3B8003A5BFB /* Sources */ = {
			isa = PBXSourcesBuildPhase;
			buildActionMask = 2147483647;
			files = (
				60746D1B28AAF3B8003A5BFB /* ViewController.swift in Sources */,
				60746D3D28AC5893003A5BFB /* FetchSimilarsFromID.swift in Sources */,
				60746D1728AAF3B8003A5BFB /* AppDelegate.swift in Sources */,
				60746D2E28ABB9DD003A5BFB /* SameShowModel.swift in Sources */,
				60746D3528ABC5F5003A5BFB /* ActorCustomEvents.swift in Sources */,
				60746D1928AAF3B8003A5BFB /* SceneDelegate.swift in Sources */,
				60746D3028ABBDE5003A5BFB /* DetailsModel.swift in Sources */,
				60746D3A28AC57DE003A5BFB /* FetchTvShows.swift in Sources */,
				60746D3F28AC58D0003A5BFB /* FetchDetailsFromSimilarByID.swift in Sources */,
				60746D2C28AAF632003A5BFB /* TvShowModels.swift in Sources */,
				60746D3328ABBE41003A5BFB /* APIManager.swift in Sources */,
			);
			runOnlyForDeploymentPostprocessing = 0;
		};
/* End PBXSourcesBuildPhase section */

/* Begin PBXVariantGroup section */
		60746D1C28AAF3B8003A5BFB /* Main.storyboard */ = {
			isa = PBXVariantGroup;
			children = (
				60746D1D28AAF3B8003A5BFB /* Base */,
			);
			name = Main.storyboard;
			sourceTree = "<group>";
		};
		60746D2128AAF3B8003A5BFB /* LaunchScreen.storyboard */ = {
			isa = PBXVariantGroup;
			children = (
				60746D2228AAF3B8003A5BFB /* Base */,
			);
			name = LaunchScreen.storyboard;
			sourceTree = "<group>";
		};
/* End PBXVariantGroup section */

/* Begin XCBuildConfiguration section */
		60746D2528AAF3B8003A5BFB /* Debug */ = {
			isa = XCBuildConfiguration;
			buildSettings = {
				ALWAYS_SEARCH_USER_PATHS = NO;
				CLANG_ANALYZER_NONNULL = YES;
				CLANG_ANALYZER_NUMBER_OBJECT_CONVERSION = YES_AGGRESSIVE;
				CLANG_CXX_LANGUAGE_STANDARD = "gnu++17";
				CLANG_CXX_LIBRARY = "libc++";
				CLANG_ENABLE_MODULES = YES;
				CLANG_ENABLE_OBJC_ARC = YES;
				CLANG_ENABLE_OBJC_WEAK = YES;
				CLANG_WARN_BLOCK_CAPTURE_AUTORELEASING = YES;
				CLANG_WARN_BOOL_CONVERSION = YES;
				CLANG_WARN_COMMA = YES;
				CLANG_WARN_CONSTANT_CONVERSION = YES;
				CLANG_WARN_DEPRECATED_OBJC_IMPLEMENTATIONS = YES;
				CLANG_WARN_DIRECT_OBJC_ISA_USAGE = YES_ERROR;
				CLANG_WARN_DOCUMENTATION_COMMENTS = YES;
				CLANG_WARN_EMPTY_BODY = YES;
				CLANG_WARN_ENUM_CONVERSION = YES;
				CLANG_WARN_INFINITE_RECURSION = YES;
				CLANG_WARN_INT_CONVERSION = YES;
				CLANG_WARN_NON_LITERAL_NULL_CONVERSION = YES;
				CLANG_WARN_OBJC_IMPLICIT_RETAIN_SELF = YES;
				CLANG_WARN_OBJC_LITERAL_CONVERSION = YES;
				CLANG_WARN_OBJC_ROOT_CLASS = YES_ERROR;
				CLANG_WARN_QUOTED_INCLUDE_IN_FRAMEWORK_HEADER = YES;
				CLANG_WARN_RANGE_LOOP_ANALYSIS = YES;
				CLANG_WARN_STRICT_PROTOTYPES = YES;
				CLANG_WARN_SUSPICIOUS_MOVE = YES;
				CLANG_WARN_UNGUARDED_AVAILABILITY = YES_AGGRESSIVE;
				CLANG_WARN_UNREACHABLE_CODE = YES;
				CLANG_WARN__DUPLICATE_METHOD_MATCH = YES;
				COPY_PHASE_STRIP = NO;
				DEBUG_INFORMATION_FORMAT = dwarf;
				ENABLE_STRICT_OBJC_MSGSEND = YES;
				ENABLE_TESTABILITY = YES;
				GCC_C_LANGUAGE_STANDARD = gnu11;
				GCC_DYNAMIC_NO_PIC = NO;
				GCC_NO_COMMON_BLOCKS = YES;
				GCC_OPTIMIZATION_LEVEL = 0;
				GCC_PREPROCESSOR_DEFINITIONS = (
					"DEBUG=1",
					"$(inherited)",
				);
				GCC_WARN_64_TO_32_BIT_CONVERSION = YES;
				GCC_WARN_ABOUT_RETURN_TYPE = YES_ERROR;
				GCC_WARN_UNDECLARED_SELECTOR = YES;
				GCC_WARN_UNINITIALIZED_AUTOS = YES_AGGRESSIVE;
				GCC_WARN_UNUSED_FUNCTION = YES;
				GCC_WARN_UNUSED_VARIABLE = YES;
				IPHONEOS_DEPLOYMENT_TARGET = 15.2;
				MTL_ENABLE_DEBUG_INFO = INCLUDE_SOURCE;
				MTL_FAST_MATH = YES;
				ONLY_ACTIVE_ARCH = YES;
				SDKROOT = iphoneos;
				SWIFT_ACTIVE_COMPILATION_CONDITIONS = DEBUG;
				SWIFT_OPTIMIZATION_LEVEL = "-Onone";
			};
			name = Debug;
		};
		60746D2628AAF3B8003A5BFB /* Release */ = {
			isa = XCBuildConfiguration;
			buildSettings = {
				ALWAYS_SEARCH_USER_PATHS = NO;
				CLANG_ANALYZER_NONNULL = YES;
				CLANG_ANALYZER_NUMBER_OBJECT_CONVERSION = YES_AGGRESSIVE;
				CLANG_CXX_LANGUAGE_STANDARD = "gnu++17";
				CLANG_CXX_LIBRARY = "libc++";
				CLANG_ENABLE_MODULES = YES;
				CLANG_ENABLE_OBJC_ARC = YES;
				CLANG_ENABLE_OBJC_WEAK = YES;
				CLANG_WARN_BLOCK_CAPTURE_AUTORELEASING = YES;
				CLANG_WARN_BOOL_CONVERSION = YES;
				CLANG_WARN_COMMA = YES;
				CLANG_WARN_CONSTANT_CONVERSION = YES;
				CLANG_WARN_DEPRECATED_OBJC_IMPLEMENTATIONS = YES;
				CLANG_WARN_DIRECT_OBJC_ISA_USAGE = YES_ERROR;
				CLANG_WARN_DOCUMENTATION_COMMENTS = YES;
				CLANG_WARN_EMPTY_BODY = YES;
				CLANG_WARN_ENUM_CONVERSION = YES;
				CLANG_WARN_INFINITE_RECURSION = YES;
				CLANG_WARN_INT_CONVERSION = YES;
				CLANG_WARN_NON_LITERAL_NULL_CONVERSION = YES;
				CLANG_WARN_OBJC_IMPLICIT_RETAIN_SELF = YES;
				CLANG_WARN_OBJC_LITERAL_CONVERSION = YES;
				CLANG_WARN_OBJC_ROOT_CLASS = YES_ERROR;
				CLANG_WARN_QUOTED_INCLUDE_IN_FRAMEWORK_HEADER = YES;
				CLANG_WARN_RANGE_LOOP_ANALYSIS = YES;
				CLANG_WARN_STRICT_PROTOTYPES = YES;
				CLANG_WARN_SUSPICIOUS_MOVE = YES;
				CLANG_WARN_UNGUARDED_AVAILABILITY = YES_AGGRESSIVE;
				CLANG_WARN_UNREACHABLE_CODE = YES;
				CLANG_WARN__DUPLICATE_METHOD_MATCH = YES;
				COPY_PHASE_STRIP = NO;
				DEBUG_INFORMATION_FORMAT = "dwarf-with-dsym";
				ENABLE_NS_ASSERTIONS = NO;
				ENABLE_STRICT_OBJC_MSGSEND = YES;
				GCC_C_LANGUAGE_STANDARD = gnu11;
				GCC_NO_COMMON_BLOCKS = YES;
				GCC_WARN_64_TO_32_BIT_CONVERSION = YES;
				GCC_WARN_ABOUT_RETURN_TYPE = YES_ERROR;
				GCC_WARN_UNDECLARED_SELECTOR = YES;
				GCC_WARN_UNINITIALIZED_AUTOS = YES_AGGRESSIVE;
				GCC_WARN_UNUSED_FUNCTION = YES;
				GCC_WARN_UNUSED_VARIABLE = YES;
				IPHONEOS_DEPLOYMENT_TARGET = 15.2;
				MTL_ENABLE_DEBUG_INFO = NO;
				MTL_FAST_MATH = YES;
				SDKROOT = iphoneos;
				SWIFT_COMPILATION_MODE = wholemodule;
				SWIFT_OPTIMIZATION_LEVEL = "-O";
				VALIDATE_PRODUCT = YES;
			};
			name = Release;
		};
		60746D2828AAF3B8003A5BFB /* Debug */ = {
			isa = XCBuildConfiguration;
			buildSettings = {
				ASSETCATALOG_COMPILER_APPICON_NAME = AppIcon;
				ASSETCATALOG_COMPILER_GLOBAL_ACCENT_COLOR_NAME = AccentColor;
				CODE_SIGN_STYLE = Automatic;
				CURRENT_PROJECT_VERSION = 1;
				GENERATE_INFOPLIST_FILE = YES;
				INFOPLIST_FILE = NatiaL_HW23/Info.plist;
				INFOPLIST_KEY_UIApplicationSupportsIndirectInputEvents = YES;
				INFOPLIST_KEY_UILaunchStoryboardName = LaunchScreen;
				INFOPLIST_KEY_UIMainStoryboardFile = Main;
				INFOPLIST_KEY_UISupportedInterfaceOrientations_iPad = "UIInterfaceOrientationPortrait UIInterfaceOrientationPortraitUpsideDown UIInterfaceOrientationLandscapeLeft UIInterfaceOrientationLandscapeRight";
				INFOPLIST_KEY_UISupportedInterfaceOrientations_iPhone = "UIInterfaceOrientationPortrait UIInterfaceOrientationLandscapeLeft UIInterfaceOrientationLandscapeRight";
				LD_RUNPATH_SEARCH_PATHS = (
					"$(inherited)",
					"@executable_path/Frameworks",
				);
				MARKETING_VERSION = 1.0;
				PRODUCT_BUNDLE_IDENTIFIER = "NatiaLobzhanidze.NatiaL-HW23";
				PRODUCT_NAME = "$(TARGET_NAME)";
				SWIFT_EMIT_LOC_STRINGS = YES;
				SWIFT_VERSION = 5.0;
				TARGETED_DEVICE_FAMILY = "1,2";
			};
			name = Debug;
		};
		60746D2928AAF3B8003A5BFB /* Release */ = {
			isa = XCBuildConfiguration;
			buildSettings = {
				ASSETCATALOG_COMPILER_APPICON_NAME = AppIcon;
				ASSETCATALOG_COMPILER_GLOBAL_ACCENT_COLOR_NAME = AccentColor;
				CODE_SIGN_STYLE = Automatic;
				CURRENT_PROJECT_VERSION = 1;
				GENERATE_INFOPLIST_FILE = YES;
				INFOPLIST_FILE = NatiaL_HW23/Info.plist;
				INFOPLIST_KEY_UIApplicationSupportsIndirectInputEvents = YES;
				INFOPLIST_KEY_UILaunchStoryboardName = LaunchScreen;
				INFOPLIST_KEY_UIMainStoryboardFile = Main;
				INFOPLIST_KEY_UISupportedInterfaceOrientations_iPad = "UIInterfaceOrientationPortrait UIInterfaceOrientationPortraitUpsideDown UIInterfaceOrientationLandscapeLeft UIInterfaceOrientationLandscapeRight";
				INFOPLIST_KEY_UISupportedInterfaceOrientations_iPhone = "UIInterfaceOrientationPortrait UIInterfaceOrientationLandscapeLeft UIInterfaceOrientationLandscapeRight";
				LD_RUNPATH_SEARCH_PATHS = (
					"$(inherited)",
					"@executable_path/Frameworks",
				);
				MARKETING_VERSION = 1.0;
				PRODUCT_BUNDLE_IDENTIFIER = "NatiaLobzhanidze.NatiaL-HW23";
				PRODUCT_NAME = "$(TARGET_NAME)";
				SWIFT_EMIT_LOC_STRINGS = YES;
				SWIFT_VERSION = 5.0;
				TARGETED_DEVICE_FAMILY = "1,2";
			};
			name = Release;
		};
/* End XCBuildConfiguration section */

/* Begin XCConfigurationList section */
		60746D0E28AAF3B7003A5BFB /* Build configuration list for PBXProject "NatiaL_HW23" */ = {
			isa = XCConfigurationList;
			buildConfigurations = (
				60746D2528AAF3B8003A5BFB /* Debug */,
				60746D2628AAF3B8003A5BFB /* Release */,
			);
			defaultConfigurationIsVisible = 0;
			defaultConfigurationName = Release;
		};
		60746D2728AAF3B8003A5BFB /* Build configuration list for PBXNativeTarget "NatiaL_HW23" */ = {
			isa = XCConfigurationList;
			buildConfigurations = (
				60746D2828AAF3B8003A5BFB /* Debug */,
				60746D2928AAF3B8003A5BFB /* Release */,
			);
			defaultConfigurationIsVisible = 0;
			defaultConfigurationName = Release;
		};
/* End XCConfigurationList section */
	};
	rootObject = 60746D0B28AAF3B7003A5BFB /* Project object */;
}
